
Microsoft Visual Studio Solution File, Format Version 12.00
# Visual Studio 15
VisualStudioVersion = 15.0.27703.2035
MinimumVisualStudioVersion = 10.0.40219.1
Project("{FAE04EC0-301F-11D3-BF4B-00C04F79EFBC}") = "Presentacion", "Presentacion\Presentacion.csproj", "{04281450-B0A8-4BA6-A347-6482FCE51370}"
EndProject
Project("{FAE04EC0-301F-11D3-BF4B-00C04F79EFBC}") = "Datos", "Datos\Datos.csproj", "{34597B0F-2E1A-4FB4-BCCE-50B758399201}"
EndProject
Project("{FAE04EC0-301F-11D3-BF4B-00C04F79EFBC}") = "Negocio", "Negocio\Negocio.csproj", "{78ECE2DB-6657-4E15-980C-4E08D3D1237C}"
EndProject
Global
	GlobalSection(SolutionConfigurationPlatforms) = preSolution
		Debug|Any CPU = Debug|Any CPU
		Release|Any CPU = Release|Any CPU
	EndGlobalSection
	GlobalSection(ProjectConfigurationPlatforms) = postSolution
		{04281450-B0A8-4BA6-A347-6482FCE51370}.Debug|Any CPU.ActiveCfg = Debug|Any CPU
		{04281450-B0A8-4BA6-A347-6482FCE51370}.Debug|Any CPU.Build.0 = Debug|Any CPU
		{04281450-B0A8-4BA6-A347-6482FCE51370}.Release|Any CPU.ActiveCfg = Release|Any CPU
		{04281450-B0A8-4BA6-A347-6482FCE51370}.Release|Any CPU.Build.0 = Release|Any CPU
		{34597B0F-2E1A-4FB4-BCCE-50B758399201}.Debug|Any CPU.ActiveCfg = Debug|Any CPU
		{34597B0F-2E1A-4FB4-BCCE-50B758399201}.Debug|Any CPU.Build.0 = Debug|Any CPU
		{34597B0F-2E1A-4FB4-BCCE-50B758399201}.Release|Any CPU.ActiveCfg = Release|Any CPU
		{34597B0F-2E1A-4FB4-BCCE-50B758399201}.Release|Any CPU.Build.0 = Release|Any CPU
		{78ECE2DB-6657-4E15-980C-4E08D3D1237C}.Debug|Any CPU.ActiveCfg = Debug|Any CPU
		{78ECE2DB-6657-4E15-980C-4E08D3D1237C}.Debug|Any CPU.Build.0 = Debug|Any CPU
		{78ECE2DB-6657-4E15-980C-4E08D3D1237C}.Release|Any CPU.ActiveCfg = Release|Any CPU
		{78ECE2DB-6657-4E15-980C-4E08D3D1237C}.Release|Any CPU.Build.0 = Release|Any CPU
	EndGlobalSection
	GlobalSection(SolutionProperties) = preSolution
		HideSolutionNode = FALSE
	EndGlobalSection
	GlobalSection(ExtensibilityGlobals) = postSolution
		SolutionGuid = {56AB5060-BF15-431F-848A-17EAE8CEE504}
	EndGlobalSection
EndGlobal
